
Microsoft Visual Studio Solution File, Format Version 12.00
# Visual Studio Version 16
VisualStudioVersion = 16.0.29102.190
MinimumVisualStudioVersion = 10.0.40219.1
Project("{FAE04EC0-301F-11D3-BF4B-00C04F79EFBC}") = "AddressBook2", "AddressBook2\AddressBook2.csproj", "{65EF8818-0A16-4E93-8D27-C1455850196C}"
EndProject
Global
	GlobalSection(SolutionConfigurationPlatforms) = preSolution
		Debug|Any CPU = Debug|Any CPU
		Release|Any CPU = Release|Any CPU
	EndGlobalSection
	GlobalSection(ProjectConfigurationPlatforms) = postSolution
		{65EF8818-0A16-4E93-8D27-C1455850196C}.Debug|Any CPU.ActiveCfg = Debug|Any CPU
		{65EF8818-0A16-4E93-8D27-C1455850196C}.Debug|Any CPU.Build.0 = Debug|Any CPU
		{65EF8818-0A16-4E93-8D27-C1455850196C}.Release|Any CPU.ActiveCfg = Release|Any CPU
		{65EF8818-0A16-4E93-8D27-C1455850196C}.Release|Any CPU.Build.0 = Release|Any CPU
	EndGlobalSection
	GlobalSection(SolutionProperties) = preSolution
		HideSolutionNode = FALSE
	EndGlobalSection
	GlobalSection(ExtensibilityGlobals) = postSolution
		SolutionGuid = {6134616D-62B5-4077-B499-F6CABE3D0ED1}
	EndGlobalSection
EndGlobal
